<?xml version="1.0" encoding="UTF-8" standalone="yes" ?>
<CodeBlocks_project_file>
	<FileVersion major="1" minor="6" />
	<Project>
		<Option title="Taller" />
		<Option pch_mode="2" />
		<Option compiler="gcc" />
		<Build>
			<Target title="Debug">
				<Option output="bin/Debug/Taller" prefix_auto="1" extension_auto="1" />
				<Option object_output="obj/Debug/" />
				<Option type="1" />
				<Option compiler="gcc" />
				<Compiler>
					<Add option="-std=c99" />
					<Add option="-g" />
				</Compiler>
			</Target>
			<Target title="Release">
				<Option output="bin/Release/Taller" prefix_auto="1" extension_auto="1" />
				<Option object_output="obj/Release/" />
				<Option type="1" />
				<Option compiler="gcc" />
				<Compiler>
					<Add option="-O2" />
				</Compiler>
				<Linker>
					<Add option="-s" />
				</Linker>
			</Target>
		</Build>
		<Compiler>
			<Add option="-Wall" />
		</Compiler>
		<Unit filename="Constantes.h" />
		<Unit filename="DoubleR.c">
			<Option compilerVar="CC" />
		</Unit>
		<Unit filename="DoubleR.h" />
		<Unit filename="EqnEquinox.c">
			<Option compilerVar="CC" />
		</Unit>
		<Unit filename="EqnEquinox.h" />
		<Unit filename="Example1.c">
			<Option compilerVar="CC" />
		</Unit>
		<Unit filename="Frac.c">
			<Option compilerVar="CC" />
		</Unit>
		<Unit filename="Frac.h" />
		<Unit filename="GHAMatrix.c">
			<Option compilerVar="CC" />
		</Unit>
		<Unit filename="GHAMatrix.h" />
		<Unit filename="Gast.c">
			<Option compilerVar="CC" />
		</Unit>
		<Unit filename="Gast.h" />
		<Unit filename="Gibbs.c">
			<Option compilerVar="CC" />
		</Unit>
		<Unit filename="Gibbs.h" />
		<Unit filename="HGibbs.c">
			<Option compilerVar="CC" />
		</Unit>
		<Unit filename="HGibbs.h" />
		<Unit filename="IERS.c">
			<Option compilerVar="CC" />
		</Unit>
		<Unit filename="IERS.h" />
		<Unit filename="MatlabUtilities.c">
			<Option compilerVar="CC" />
		</Unit>
		<Unit filename="MatlabUtilities.h" />
		<Unit filename="MeanObliquity.c">
			<Option compilerVar="CC" />
		</Unit>
		<Unit filename="MeanObliquity.h" />
		<Unit filename="Mjday.c">
			<Option compilerVar="CC" />
		</Unit>
		<Unit filename="Mjday.h" />
		<Unit filename="NewtonNu.c">
			<Option compilerVar="CC" />
		</Unit>
		<Unit filename="NewtonNu.h" />
		<Unit filename="NutAngles.c">
			<Option compilerVar="CC" />
		</Unit>
		<Unit filename="NutAngles.h" />
		<Unit filename="NutMatrix.c">
			<Option compilerVar="CC" />
		</Unit>
		<Unit filename="NutMatrix.h" />
		<Unit filename="PoleMatrix.c">
			<Option compilerVar="CC" />
		</Unit>
		<Unit filename="PoleMatrix.h" />
		<Unit filename="Position.c">
			<Option compilerVar="CC" />
		</Unit>
		<Unit filename="Position.h" />
		<Unit filename="PrecMatrix.c">
			<Option compilerVar="CC" />
		</Unit>
		<Unit filename="PrecMatrix.h" />
		<Unit filename="R_x.c">
			<Option compilerVar="CC" />
		</Unit>
		<Unit filename="R_x.h" />
		<Unit filename="R_y.c">
			<Option compilerVar="CC" />
		</Unit>
		<Unit filename="R_y.h" />
		<Unit filename="R_z.c">
			<Option compilerVar="CC" />
		</Unit>
		<Unit filename="R_z.h" />
		<Unit filename="TestMatlabUtilities.c">
			<Option compilerVar="CC" />
		</Unit>
		<Unit filename="Unit.c">
			<Option compilerVar="CC" />
		</Unit>
		<Unit filename="Unit.h" />
		<Unit filename="angl.c">
			<Option compilerVar="CC" />
		</Unit>
		<Unit filename="angl.h" />
		<Unit filename="eop19620101.txt" />
		<Unit filename="gmst.c">
			<Option compilerVar="CC" />
		</Unit>
		<Unit filename="gmst.h" />
		<Unit filename="rpoly.c">
			<Option compilerVar="CC" />
		</Unit>
		<Unit filename="rpoly.h" />
		<Unit filename="rv2coe.c">
			<Option compilerVar="CC" />
		</Unit>
		<Unit filename="rv2coe.h" />
		<Unit filename="timeDiff.c">
			<Option compilerVar="CC" />
		</Unit>
		<Unit filename="timeDiff.h" />
		<Extensions>
			<code_completion />
			<envvars />
			<debugger />
			<lib_finder disable_auto="1" />
		</Extensions>
	</Project>
</CodeBlocks_project_file>
